
Microsoft Visual Studio Solution File, Format Version 12.00
# Visual Studio Version 17
VisualStudioVersion = 17.9.34622.214
MinimumVisualStudioVersion = 10.0.40219.1
Project("{FAE04EC0-301F-11D3-BF4B-00C04F79EFBC}") = "PREFINALS_AUTH_AGONOY_ALEXISGREKO", "PREFINALS_AUTH_AGONOY_ALEXISGREKO\PREFINALS_AUTH_AGONOY_ALEXISGREKO.csproj", "{C0B03B9B-8807-4162-9600-209AB7AE36BA}"
EndProject
Project("{FAE04EC0-301F-11D3-BF4B-00C04F79EFBC}") = "ProtectedApi", "ProtectedApi\ProtectedApi.csproj", "{FD77F067-4504-4A17-BAFF-79B7E33A7492}"
EndProject
Project("{FAE04EC0-301F-11D3-BF4B-00C04F79EFBC}") = "AuthServer", "AuthServer\AuthServer.csproj", "{8FCEDDC2-76A4-4C78-80C2-6E17800B8185}"
EndProject
Global
	GlobalSection(SolutionConfigurationPlatforms) = preSolution
		Debug|Any CPU = Debug|Any CPU
		Release|Any CPU = Release|Any CPU
	EndGlobalSection
	GlobalSection(ProjectConfigurationPlatforms) = postSolution
		{C0B03B9B-8807-4162-9600-209AB7AE36BA}.Debug|Any CPU.ActiveCfg = Debug|Any CPU
		{C0B03B9B-8807-4162-9600-209AB7AE36BA}.Debug|Any CPU.Build.0 = Debug|Any CPU
		{C0B03B9B-8807-4162-9600-209AB7AE36BA}.Release|Any CPU.ActiveCfg = Release|Any CPU
		{C0B03B9B-8807-4162-9600-209AB7AE36BA}.Release|Any CPU.Build.0 = Release|Any CPU
		{FD77F067-4504-4A17-BAFF-79B7E33A7492}.Debug|Any CPU.ActiveCfg = Debug|Any CPU
		{FD77F067-4504-4A17-BAFF-79B7E33A7492}.Debug|Any CPU.Build.0 = Debug|Any CPU
		{FD77F067-4504-4A17-BAFF-79B7E33A7492}.Release|Any CPU.ActiveCfg = Release|Any CPU
		{FD77F067-4504-4A17-BAFF-79B7E33A7492}.Release|Any CPU.Build.0 = Release|Any CPU
		{8FCEDDC2-76A4-4C78-80C2-6E17800B8185}.Debug|Any CPU.ActiveCfg = Debug|Any CPU
		{8FCEDDC2-76A4-4C78-80C2-6E17800B8185}.Debug|Any CPU.Build.0 = Debug|Any CPU
		{8FCEDDC2-76A4-4C78-80C2-6E17800B8185}.Release|Any CPU.ActiveCfg = Release|Any CPU
		{8FCEDDC2-76A4-4C78-80C2-6E17800B8185}.Release|Any CPU.Build.0 = Release|Any CPU
	EndGlobalSection
	GlobalSection(SolutionProperties) = preSolution
		HideSolutionNode = FALSE
	EndGlobalSection
	GlobalSection(ExtensibilityGlobals) = postSolution
		SolutionGuid = {73303D36-2DD1-47D4-9487-7777D40E2D00}
	EndGlobalSection
EndGlobal
